
Microsoft Visual Studio Solution File, Format Version 12.00
# Visual Studio 14
VisualStudioVersion = 14.0.23107.0
MinimumVisualStudioVersion = 10.0.40219.1
Project("{FAE04EC0-301F-11D3-BF4B-00C04F79EFBC}") = "SecureCloud", "SecureCloud\SecureCloud.csproj", "{8C381184-F03E-4BD7-9384-D48F7CACBDD0}"
EndProject
Project("{FAE04EC0-301F-11D3-BF4B-00C04F79EFBC}") = "DisComLib", "DisComLib\DisComLib.csproj", "{61FF1A2A-E2E8-4607-8DBE-279509FD17EF}"
EndProject
Project("{FAE04EC0-301F-11D3-BF4B-00C04F79EFBC}") = "Test", "Test\Test.csproj", "{571F39AF-F4B7-4B93-A078-A2D798A53CA7}"
EndProject
Global
	GlobalSection(SolutionConfigurationPlatforms) = preSolution
		Debug|Any CPU = Debug|Any CPU
		Release|Any CPU = Release|Any CPU
	EndGlobalSection
	GlobalSection(ProjectConfigurationPlatforms) = postSolution
		{8C381184-F03E-4BD7-9384-D48F7CACBDD0}.Debug|Any CPU.ActiveCfg = Debug|Any CPU
		{8C381184-F03E-4BD7-9384-D48F7CACBDD0}.Debug|Any CPU.Build.0 = Debug|Any CPU
		{8C381184-F03E-4BD7-9384-D48F7CACBDD0}.Release|Any CPU.ActiveCfg = Release|Any CPU
		{8C381184-F03E-4BD7-9384-D48F7CACBDD0}.Release|Any CPU.Build.0 = Release|Any CPU
		{61FF1A2A-E2E8-4607-8DBE-279509FD17EF}.Debug|Any CPU.ActiveCfg = Debug|Any CPU
		{61FF1A2A-E2E8-4607-8DBE-279509FD17EF}.Debug|Any CPU.Build.0 = Debug|Any CPU
		{61FF1A2A-E2E8-4607-8DBE-279509FD17EF}.Release|Any CPU.ActiveCfg = Release|Any CPU
		{61FF1A2A-E2E8-4607-8DBE-279509FD17EF}.Release|Any CPU.Build.0 = Release|Any CPU
		{571F39AF-F4B7-4B93-A078-A2D798A53CA7}.Debug|Any CPU.ActiveCfg = Debug|Any CPU
		{571F39AF-F4B7-4B93-A078-A2D798A53CA7}.Debug|Any CPU.Build.0 = Debug|Any CPU
		{571F39AF-F4B7-4B93-A078-A2D798A53CA7}.Release|Any CPU.ActiveCfg = Release|Any CPU
		{571F39AF-F4B7-4B93-A078-A2D798A53CA7}.Release|Any CPU.Build.0 = Release|Any CPU
	EndGlobalSection
	GlobalSection(SolutionProperties) = preSolution
		HideSolutionNode = FALSE
	EndGlobalSection
EndGlobal
